
Microsoft Visual Studio Solution File, Format Version 12.00
# Visual Studio Version 17
VisualStudioVersion = 17.0.31903.59
MinimumVisualStudioVersion = 10.0.40219.1
Project("{FAE04EC0-301F-11D3-BF4B-00C04F79EFBC}") = "LyraeChatApp.Domain", "LyraeChatApp.Domain\LyraeChatApp.Domain.csproj", "{896034BB-B714-418E-815C-344DDAE9BE10}"
EndProject
Project("{FAE04EC0-301F-11D3-BF4B-00C04F79EFBC}") = "LyraeChatApp.Application", "LyraeChatApp.Application\LyraeChatApp.Application.csproj", "{BD886E12-8A89-4435-8342-D0956684E65B}"
EndProject
Project("{FAE04EC0-301F-11D3-BF4B-00C04F79EFBC}") = "LyraeChatApp.Persistance", "LyraeChatApp.Persistance\LyraeChatApp.Persistance.csproj", "{38EC78E1-F607-4192-AD10-BCA3F206429F}"
EndProject
Project("{FAE04EC0-301F-11D3-BF4B-00C04F79EFBC}") = "LyraeChatApp.Infrastructure", "LyraeChatApp.Infrastructure\LyraeChatApp.Infrastructure.csproj", "{F491DADD-7ABD-45A3-BB08-D1406C45C6DC}"
EndProject
Project("{FAE04EC0-301F-11D3-BF4B-00C04F79EFBC}") = "LyraeChatApp.Presentation", "LyraeChatApp.Presentation\LyraeChatApp.Presentation.csproj", "{BE3E2765-7386-4C67-9E74-6896A1965480}"
EndProject
Global
	GlobalSection(SolutionConfigurationPlatforms) = preSolution
		Debug|Any CPU = Debug|Any CPU
		Release|Any CPU = Release|Any CPU
	EndGlobalSection
	GlobalSection(ProjectConfigurationPlatforms) = postSolution
		{896034BB-B714-418E-815C-344DDAE9BE10}.Debug|Any CPU.ActiveCfg = Debug|Any CPU
		{896034BB-B714-418E-815C-344DDAE9BE10}.Debug|Any CPU.Build.0 = Debug|Any CPU
		{896034BB-B714-418E-815C-344DDAE9BE10}.Release|Any CPU.ActiveCfg = Release|Any CPU
		{896034BB-B714-418E-815C-344DDAE9BE10}.Release|Any CPU.Build.0 = Release|Any CPU
		{BD886E12-8A89-4435-8342-D0956684E65B}.Debug|Any CPU.ActiveCfg = Debug|Any CPU
		{BD886E12-8A89-4435-8342-D0956684E65B}.Debug|Any CPU.Build.0 = Debug|Any CPU
		{BD886E12-8A89-4435-8342-D0956684E65B}.Release|Any CPU.ActiveCfg = Release|Any CPU
		{BD886E12-8A89-4435-8342-D0956684E65B}.Release|Any CPU.Build.0 = Release|Any CPU
		{38EC78E1-F607-4192-AD10-BCA3F206429F}.Debug|Any CPU.ActiveCfg = Debug|Any CPU
		{38EC78E1-F607-4192-AD10-BCA3F206429F}.Debug|Any CPU.Build.0 = Debug|Any CPU
		{38EC78E1-F607-4192-AD10-BCA3F206429F}.Release|Any CPU.ActiveCfg = Release|Any CPU
		{38EC78E1-F607-4192-AD10-BCA3F206429F}.Release|Any CPU.Build.0 = Release|Any CPU
		{F491DADD-7ABD-45A3-BB08-D1406C45C6DC}.Debug|Any CPU.ActiveCfg = Debug|Any CPU
		{F491DADD-7ABD-45A3-BB08-D1406C45C6DC}.Debug|Any CPU.Build.0 = Debug|Any CPU
		{F491DADD-7ABD-45A3-BB08-D1406C45C6DC}.Release|Any CPU.ActiveCfg = Release|Any CPU
		{F491DADD-7ABD-45A3-BB08-D1406C45C6DC}.Release|Any CPU.Build.0 = Release|Any CPU
		{BE3E2765-7386-4C67-9E74-6896A1965480}.Debug|Any CPU.ActiveCfg = Debug|Any CPU
		{BE3E2765-7386-4C67-9E74-6896A1965480}.Debug|Any CPU.Build.0 = Debug|Any CPU
		{BE3E2765-7386-4C67-9E74-6896A1965480}.Release|Any CPU.ActiveCfg = Release|Any CPU
		{BE3E2765-7386-4C67-9E74-6896A1965480}.Release|Any CPU.Build.0 = Release|Any CPU
	EndGlobalSection
	GlobalSection(SolutionProperties) = preSolution
		HideSolutionNode = FALSE
	EndGlobalSection
	GlobalSection(ExtensibilityGlobals) = postSolution
		SolutionGuid = {865E304C-527C-402C-AA71-42C0C6047DFD}
	EndGlobalSection
EndGlobal
